<?xml version="1.0" encoding="utf-8"?>
<Project ToolsVersion="4.0" xmlns="http://schemas.microsoft.com/developer/msbuild/2003">
  <ItemGroup>
    <ClInclude Include="src\Client\PhysicsClient.h" />
    <ClInclude Include="src\Objects\PhysicsObject.h" />
    <ClInclude Include="WorldPosition.h" />
    <ClInclude Include="src\Objects\commonIncludes.h" />
  </ItemGroup>
  <ItemGroup>
    <ClCompile Include="src\Client\PhysicsClient.cpp" />
    <ClCompile Include="src\Objects\PhysicsObject.cpp" />
    <ClCompile Include="WorldPosition.cpp" />
  </ItemGroup>
</Project>